github.com/godbus/dbus/v5 v5.1.0 h1:4KLkAxT3aOY8Li4FRJe/KvhoNFFxo0m6fNuFUO8QJUk=
github.com/godbus/dbus/v5 v5.1.0/go.mod h1:xhWf0FNVPg57R7Z0UbKHbJfkEywrmjJnf7w5xrFpKfA=
github.com/rajveermalviya/go-wayland/wayland v0.0.0-20230130181619-0ad78d1310b2 h1:tRhbehjSCwQSZL7A2AoZlKrDYhZzaPIAcpnhfaUc0Tw=
github.com/rajveermalviya/go-wayland/wayland v0.0.0-20230130181619-0ad78d1310b2/go.mod h1:PXhW/GoWcMBeiZ39ZdgoMs/xduJEEUE+kxUBB2Kwd+M=
golang.org/x/sys v0.15.0 h1:h48lPFYpsTvQJZF4EKyI4aLHaev3CxivZmv7yZig9pc=
golang.org/x/sys v0.15.0/go.mod h1:/VUhepiaJMQUp4+oa/7Zr1D23ma6VTLIYjOOTFZPUcA=
